// !$*UTF8*$!
{
	archiveVersion = 1;
	classes = {
	};
	objectVersion = 46;
	objects = {

/* Begin PBXBuildFile section */
		11F29799899CE953BE6F0D55 /* Pods_Twittster.framework in Frameworks */ = {isa = PBXBuildFile; fileRef = E89120B6CDC4E50730E353E9 /* Pods_Twittster.framework */; };
		7FE035B31C838C8800A6B636 /* secrets.plist in Resources */ = {isa = PBXBuildFile; fileRef = 7FE035B21C838C8800A6B636 /* secrets.plist */; };
		7FE035B41C838C8800A6B636 /* secrets.plist in Resources */ = {isa = PBXBuildFile; fileRef = 7FE035B21C838C8800A6B636 /* secrets.plist */; };
		7FE035B51C838C8800A6B636 /* secrets.plist in Resources */ = {isa = PBXBuildFile; fileRef = 7FE035B21C838C8800A6B636 /* secrets.plist */; };
		7FE035BA1C83A13A00A6B636 /* User.swift in Sources */ = {isa = PBXBuildFile; fileRef = 7FE035B91C83A13A00A6B636 /* User.swift */; };
		7FE035BB1C83A13A00A6B636 /* User.swift in Sources */ = {isa = PBXBuildFile; fileRef = 7FE035B91C83A13A00A6B636 /* User.swift */; };
		7FE035BC1C83A13A00A6B636 /* User.swift in Sources */ = {isa = PBXBuildFile; fileRef = 7FE035B91C83A13A00A6B636 /* User.swift */; };
		7FE035BE1C83A14A00A6B636 /* Tweet.swift in Sources */ = {isa = PBXBuildFile; fileRef = 7FE035BD1C83A14A00A6B636 /* Tweet.swift */; };
		7FE035BF1C83A14A00A6B636 /* Tweet.swift in Sources */ = {isa = PBXBuildFile; fileRef = 7FE035BD1C83A14A00A6B636 /* Tweet.swift */; };
		7FE035C01C83A14A00A6B636 /* Tweet.swift in Sources */ = {isa = PBXBuildFile; fileRef = 7FE035BD1C83A14A00A6B636 /* Tweet.swift */; };
		7FE035C21C83A92D00A6B636 /* TwitterClient.swift in Sources */ = {isa = PBXBuildFile; fileRef = 7FE035C11C83A92D00A6B636 /* TwitterClient.swift */; };
		7FE035C31C83A92D00A6B636 /* TwitterClient.swift in Sources */ = {isa = PBXBuildFile; fileRef = 7FE035C11C83A92D00A6B636 /* TwitterClient.swift */; };
		7FE035C41C83A92D00A6B636 /* TwitterClient.swift in Sources */ = {isa = PBXBuildFile; fileRef = 7FE035C11C83A92D00A6B636 /* TwitterClient.swift */; };
		7FE035C61C83B48F00A6B636 /* tweetsViewController.swift in Sources */ = {isa = PBXBuildFile; fileRef = 7FE035C51C83B48F00A6B636 /* tweetsViewController.swift */; };
		7FE035C71C83B48F00A6B636 /* tweetsViewController.swift in Sources */ = {isa = PBXBuildFile; fileRef = 7FE035C51C83B48F00A6B636 /* tweetsViewController.swift */; };
		7FE035C81C83B48F00A6B636 /* tweetsViewController.swift in Sources */ = {isa = PBXBuildFile; fileRef = 7FE035C51C83B48F00A6B636 /* tweetsViewController.swift */; };
		7FE035CA1C84874400A6B636 /* TweetTableViewCell.swift in Sources */ = {isa = PBXBuildFile; fileRef = 7FE035C91C84874400A6B636 /* TweetTableViewCell.swift */; };
		7FE035CB1C84874400A6B636 /* TweetTableViewCell.swift in Sources */ = {isa = PBXBuildFile; fileRef = 7FE035C91C84874400A6B636 /* TweetTableViewCell.swift */; };
		7FE035CC1C84874400A6B636 /* TweetTableViewCell.swift in Sources */ = {isa = PBXBuildFile; fileRef = 7FE035C91C84874400A6B636 /* TweetTableViewCell.swift */; };
		7FE035CE1C8D4B0D00A6B636 /* IndividualTweetViewController.swift in Sources */ = {isa = PBXBuildFile; fileRef = 7FE035CD1C8D4B0D00A6B636 /* IndividualTweetViewController.swift */; };
		7FE035CF1C8D4B0D00A6B636 /* IndividualTweetViewController.swift in Sources */ = {isa = PBXBuildFile; fileRef = 7FE035CD1C8D4B0D00A6B636 /* IndividualTweetViewController.swift */; };
		7FE035D01C8D4B0D00A6B636 /* IndividualTweetViewController.swift in Sources */ = {isa = PBXBuildFile; fileRef = 7FE035CD1C8D4B0D00A6B636 /* IndividualTweetViewController.swift */; };
		7FE035D21C8D5F9500A6B636 /* WriteViewController.swift in Sources */ = {isa = PBXBuildFile; fileRef = 7FE035D11C8D5F9500A6B636 /* WriteViewController.swift */; };
		7FE035D31C8D5F9500A6B636 /* WriteViewController.swift in Sources */ = {isa = PBXBuildFile; fileRef = 7FE035D11C8D5F9500A6B636 /* WriteViewController.swift */; };
		7FE035D41C8D5F9500A6B636 /* WriteViewController.swift in Sources */ = {isa = PBXBuildFile; fileRef = 7FE035D11C8D5F9500A6B636 /* WriteViewController.swift */; };
		7FE035D61C8DEF5000A6B636 /* ProfileViewController.swift in Sources */ = {isa = PBXBuildFile; fileRef = 7FE035D51C8DEF5000A6B636 /* ProfileViewController.swift */; };
		7FE035D71C8DEF5000A6B636 /* ProfileViewController.swift in Sources */ = {isa = PBXBuildFile; fileRef = 7FE035D51C8DEF5000A6B636 /* ProfileViewController.swift */; };
		7FE035D81C8DEF5000A6B636 /* ProfileViewController.swift in Sources */ = {isa = PBXBuildFile; fileRef = 7FE035D51C8DEF5000A6B636 /* ProfileViewController.swift */; };
		7FF178821C7BDD35004BBCC6 /* AppDelegate.swift in Sources */ = {isa = PBXBuildFile; fileRef = 7FF178811C7BDD35004BBCC6 /* AppDelegate.swift */; };
		7FF178841C7BDD35004BBCC6 /* ViewController.swift in Sources */ = {isa = PBXBuildFile; fileRef = 7FF178831C7BDD35004BBCC6 /* ViewController.swift */; };
		7FF178871C7BDD35004BBCC6 /* Main.storyboard in Resources */ = {isa = PBXBuildFile; fileRef = 7FF178851C7BDD35004BBCC6 /* Main.storyboard */; };
		7FF178891C7BDD35004BBCC6 /* Assets.xcassets in Resources */ = {isa = PBXBuildFile; fileRef = 7FF178881C7BDD35004BBCC6 /* Assets.xcassets */; };
		7FF1788C1C7BDD35004BBCC6 /* LaunchScreen.storyboard in Resources */ = {isa = PBXBuildFile; fileRef = 7FF1788A1C7BDD35004BBCC6 /* LaunchScreen.storyboard */; };
		7FF178971C7BDD35004BBCC6 /* TwittsterTests.swift in Sources */ = {isa = PBXBuildFile; fileRef = 7FF178961C7BDD35004BBCC6 /* TwittsterTests.swift */; };
		7FF178A21C7BDD35004BBCC6 /* TwittsterUITests.swift in Sources */ = {isa = PBXBuildFile; fileRef = 7FF178A11C7BDD35004BBCC6 /* TwittsterUITests.swift */; };
		7FF178B01C7BE0C6004BBCC6 /* LoginViewController.swift in Sources */ = {isa = PBXBuildFile; fileRef = 7FF178AF1C7BE0C6004BBCC6 /* LoginViewController.swift */; };
/* End PBXBuildFile section */

/* Begin PBXContainerItemProxy section */
		7FF178931C7BDD35004BBCC6 /* PBXContainerItemProxy */ = {
			isa = PBXContainerItemProxy;
			containerPortal = 7FF178761C7BDD35004BBCC6 /* Project object */;
			proxyType = 1;
			remoteGlobalIDString = 7FF1787D1C7BDD35004BBCC6;
			remoteInfo = Twittster;
		};
		7FF1789E1C7BDD35004BBCC6 /* PBXContainerItemProxy */ = {
			isa = PBXContainerItemProxy;
			containerPortal = 7FF178761C7BDD35004BBCC6 /* Project object */;
			proxyType = 1;
			remoteGlobalIDString = 7FF1787D1C7BDD35004BBCC6;
			remoteInfo = Twittster;
		};
/* End PBXContainerItemProxy section */

/* Begin PBXFileReference section */
		0128CF0AE8B4C4CA19110043 /* Pods-Twittster.debug.xcconfig */ = {isa = PBXFileReference; includeInIndex = 1; lastKnownFileType = text.xcconfig; name = "Pods-Twittster.debug.xcconfig"; path = "Pods/Target Support Files/Pods-Twittster/Pods-Twittster.debug.xcconfig"; sourceTree = "<group>"; };
		7FE035B21C838C8800A6B636 /* secrets.plist */ = {isa = PBXFileReference; fileEncoding = 4; lastKnownFileType = text.plist.xml; path = secrets.plist; sourceTree = "<group>"; };
		7FE035B91C83A13A00A6B636 /* User.swift */ = {isa = PBXFileReference; fileEncoding = 4; lastKnownFileType = sourcecode.swift; path = User.swift; sourceTree = "<group>"; };
		7FE035BD1C83A14A00A6B636 /* Tweet.swift */ = {isa = PBXFileReference; fileEncoding = 4; lastKnownFileType = sourcecode.swift; path = Tweet.swift; sourceTree = "<group>"; };
		7FE035C11C83A92D00A6B636 /* TwitterClient.swift */ = {isa = PBXFileReference; fileEncoding = 4; lastKnownFileType = sourcecode.swift; path = TwitterClient.swift; sourceTree = "<group>"; };
		7FE035C51C83B48F00A6B636 /* tweetsViewController.swift */ = {isa = PBXFileReference; fileEncoding = 4; lastKnownFileType = sourcecode.swift; path = tweetsViewController.swift; sourceTree = "<group>"; };
		7FE035C91C84874400A6B636 /* TweetTableViewCell.swift */ = {isa = PBXFileReference; fileEncoding = 4; lastKnownFileType = sourcecode.swift; path = TweetTableViewCell.swift; sourceTree = "<group>"; };
		7FE035CD1C8D4B0D00A6B636 /* IndividualTweetViewController.swift */ = {isa = PBXFileReference; fileEncoding = 4; lastKnownFileType = sourcecode.swift; path = IndividualTweetViewController.swift; sourceTree = "<group>"; };
		7FE035D11C8D5F9500A6B636 /* WriteViewController.swift */ = {isa = PBXFileReference; fileEncoding = 4; lastKnownFileType = sourcecode.swift; path = WriteViewController.swift; sourceTree = "<group>"; };
		7FE035D51C8DEF5000A6B636 /* ProfileViewController.swift */ = {isa = PBXFileReference; fileEncoding = 4; lastKnownFileType = sourcecode.swift; path = ProfileViewController.swift; sourceTree = "<group>"; };
		7FF1787E1C7BDD35004BBCC6 /* Twittster.app */ = {isa = PBXFileReference; explicitFileType = wrapper.application; includeInIndex = 0; path = Twittster.app; sourceTree = BUILT_PRODUCTS_DIR; };
		7FF178811C7BDD35004BBCC6 /* AppDelegate.swift */ = {isa = PBXFileReference; lastKnownFileType = sourcecode.swift; path = AppDelegate.swift; sourceTree = "<group>"; };
		7FF178831C7BDD35004BBCC6 /* ViewController.swift */ = {isa = PBXFileReference; lastKnownFileType = sourcecode.swift; path = ViewController.swift; sourceTree = "<group>"; };
		7FF178861C7BDD35004BBCC6 /* Base */ = {isa = PBXFileReference; lastKnownFileType = file.storyboard; name = Base; path = Base.lproj/Main.storyboard; sourceTree = "<group>"; };
		7FF178881C7BDD35004BBCC6 /* Assets.xcassets */ = {isa = PBXFileReference; lastKnownFileType = folder.assetcatalog; path = Assets.xcassets; sourceTree = "<group>"; };
		7FF1788B1C7BDD35004BBCC6 /* Base */ = {isa = PBXFileReference; lastKnownFileType = file.storyboard; name = Base; path = Base.lproj/LaunchScreen.storyboard; sourceTree = "<group>"; };
		7FF1788D1C7BDD35004BBCC6 /* Info.plist */ = {isa = PBXFileReference; lastKnownFileType = text.plist.xml; path = Info.plist; sourceTree = "<group>"; };
		7FF178921C7BDD35004BBCC6 /* TwittsterTests.xctest */ = {isa = PBXFileReference; explicitFileType = wrapper.cfbundle; includeInIndex = 0; path = TwittsterTests.xctest; sourceTree = BUILT_PRODUCTS_DIR; };
		7FF178961C7BDD35004BBCC6 /* TwittsterTests.swift */ = {isa = PBXFileReference; lastKnownFileType = sourcecode.swift; path = TwittsterTests.swift; sourceTree = "<group>"; };
		7FF178981C7BDD35004BBCC6 /* Info.plist */ = {isa = PBXFileReference; lastKnownFileType = text.plist.xml; path = Info.plist; sourceTree = "<group>"; };
		7FF1789D1C7BDD35004BBCC6 /* TwittsterUITests.xctest */ = {isa = PBXFileReference; explicitFileType = wrapper.cfbundle; includeInIndex = 0; path = TwittsterUITests.xctest; sourceTree = BUILT_PRODUCTS_DIR; };
		7FF178A11C7BDD35004BBCC6 /* TwittsterUITests.swift */ = {isa = PBXFileReference; lastKnownFileType = sourcecode.swift; path = TwittsterUITests.swift; sourceTree = "<group>"; };
		7FF178A31C7BDD35004BBCC6 /* Info.plist */ = {isa = PBXFileReference; lastKnownFileType = text.plist.xml; path = Info.plist; sourceTree = "<group>"; };
		7FF178AF1C7BE0C6004BBCC6 /* LoginViewController.swift */ = {isa = PBXFileReference; fileEncoding = 4; lastKnownFileType = sourcecode.swift; path = LoginViewController.swift; sourceTree = "<group>"; };
		E89120B6CDC4E50730E353E9 /* Pods_Twittster.framework */ = {isa = PBXFileReference; explicitFileType = wrapper.framework; includeInIndex = 0; path = Pods_Twittster.framework; sourceTree = BUILT_PRODUCTS_DIR; };
		ECF843CC78D21C0420BDCBE5 /* Pods-Twittster.release.xcconfig */ = {isa = PBXFileReference; includeInIndex = 1; lastKnownFileType = text.xcconfig; name = "Pods-Twittster.release.xcconfig"; path = "Pods/Target Support Files/Pods-Twittster/Pods-Twittster.release.xcconfig"; sourceTree = "<group>"; };
/* End PBXFileReference section */

/* Begin PBXFrameworksBuildPhase section */
		7FF1787B1C7BDD35004BBCC6 /* Frameworks */ = {
			isa = PBXFrameworksBuildPhase;
			buildActionMask = 2147483647;
			files = (
				11F29799899CE953BE6F0D55 /* Pods_Twittster.framework in Frameworks */,
			);
			runOnlyForDeploymentPostprocessing = 0;
		};
		7FF1788F1C7BDD35004BBCC6 /* Frameworks */ = {
			isa = PBXFrameworksBuildPhase;
			buildActionMask = 2147483647;
			files = (
			);
			runOnlyForDeploymentPostprocessing = 0;
		};
		7FF1789A1C7BDD35004BBCC6 /* Frameworks */ = {
			isa = PBXFrameworksBuildPhase;
			buildActionMask = 2147483647;
			files = (
			);
			runOnlyForDeploymentPostprocessing = 0;
		};
/* End PBXFrameworksBuildPhase section */

/* Begin PBXGroup section */
		248633000716D1893FB9D608 /* Frameworks */ = {
			isa = PBXGroup;
			children = (
				E89120B6CDC4E50730E353E9 /* Pods_Twittster.framework */,
			);
			name = Frameworks;
			sourceTree = "<group>";
		};
		45AE73C0F87539A497081518 /* Pods */ = {
			isa = PBXGroup;
			children = (
				0128CF0AE8B4C4CA19110043 /* Pods-Twittster.debug.xcconfig */,
				ECF843CC78D21C0420BDCBE5 /* Pods-Twittster.release.xcconfig */,
			);
			name = Pods;
			sourceTree = "<group>";
		};
		7FE035B61C83A0F500A6B636 /* View Controllers */ = {
			isa = PBXGroup;
			children = (
				7FF178831C7BDD35004BBCC6 /* ViewController.swift */,
				7FF178AF1C7BE0C6004BBCC6 /* LoginViewController.swift */,
				7FE035C51C83B48F00A6B636 /* tweetsViewController.swift */,
				7FE035CD1C8D4B0D00A6B636 /* IndividualTweetViewController.swift */,
				7FE035D11C8D5F9500A6B636 /* WriteViewController.swift */,
				7FE035D51C8DEF5000A6B636 /* ProfileViewController.swift */,
			);
			name = "View Controllers";
			sourceTree = "<group>";
		};
		7FE035B71C83A10700A6B636 /* Models */ = {
			isa = PBXGroup;
			children = (
				7FE035B91C83A13A00A6B636 /* User.swift */,
				7FE035BD1C83A14A00A6B636 /* Tweet.swift */,
			);
			name = Models;
			sourceTree = "<group>";
		};
		7FE035B81C83A10C00A6B636 /* API */ = {
			isa = PBXGroup;
			children = (
				7FE035C11C83A92D00A6B636 /* TwitterClient.swift */,
			);
			name = API;
			sourceTree = "<group>";
		};
		7FF178751C7BDD35004BBCC6 = {
			isa = PBXGroup;
			children = (
				7FF178801C7BDD35004BBCC6 /* Twittster */,
				7FF178951C7BDD35004BBCC6 /* TwittsterTests */,
				7FF178A01C7BDD35004BBCC6 /* TwittsterUITests */,
				7FF1787F1C7BDD35004BBCC6 /* Products */,
				45AE73C0F87539A497081518 /* Pods */,
				248633000716D1893FB9D608 /* Frameworks */,
			);
			sourceTree = "<group>";
		};
		7FF1787F1C7BDD35004BBCC6 /* Products */ = {
			isa = PBXGroup;
			children = (
				7FF1787E1C7BDD35004BBCC6 /* Twittster.app */,
				7FF178921C7BDD35004BBCC6 /* TwittsterTests.xctest */,
				7FF1789D1C7BDD35004BBCC6 /* TwittsterUITests.xctest */,
			);
			name = Products;
			sourceTree = "<group>";
		};
		7FF178801C7BDD35004BBCC6 /* Twittster */ = {
			isa = PBXGroup;
			children = (
				7FE035B81C83A10C00A6B636 /* API */,
				7FE035B71C83A10700A6B636 /* Models */,
				7FE035B61C83A0F500A6B636 /* View Controllers */,
				7FE035B21C838C8800A6B636 /* secrets.plist */,
				7FF178811C7BDD35004BBCC6 /* AppDelegate.swift */,
				7FF178851C7BDD35004BBCC6 /* Main.storyboard */,
				7FE035C91C84874400A6B636 /* TweetTableViewCell.swift */,
				7FF178881C7BDD35004BBCC6 /* Assets.xcassets */,
				7FF1788A1C7BDD35004BBCC6 /* LaunchScreen.storyboard */,
				7FF1788D1C7BDD35004BBCC6 /* Info.plist */,
			);
			path = Twittster;
			sourceTree = "<group>";
		};
		7FF178951C7BDD35004BBCC6 /* TwittsterTests */ = {
			isa = PBXGroup;
			children = (
				7FF178961C7BDD35004BBCC6 /* TwittsterTests.swift */,
				7FF178981C7BDD35004BBCC6 /* Info.plist */,
			);
			path = TwittsterTests;
			sourceTree = "<group>";
		};
		7FF178A01C7BDD35004BBCC6 /* TwittsterUITests */ = {
			isa = PBXGroup;
			children = (
				7FF178A11C7BDD35004BBCC6 /* TwittsterUITests.swift */,
				7FF178A31C7BDD35004BBCC6 /* Info.plist */,
			);
			path = TwittsterUITests;
			sourceTree = "<group>";
		};
/* End PBXGroup section */

/* Begin PBXNativeTarget section */
		7FF1787D1C7BDD35004BBCC6 /* Twittster */ = {
			isa = PBXNativeTarget;
			buildConfigurationList = 7FF178A61C7BDD35004BBCC6 /* Build configuration list for PBXNativeTarget "Twittster" */;
			buildPhases = (
				07822213CF8C11AA7B48DA1A /* Check Pods Manifest.lock */,
				7FF1787A1C7BDD35004BBCC6 /* Sources */,
				7FF1787B1C7BDD35004BBCC6 /* Frameworks */,
				7FF1787C1C7BDD35004BBCC6 /* Resources */,
				A0B21FE3980E47F9E23AE458 /* Embed Pods Frameworks */,
				C9E97235144134C2B7E1E0BC /* Copy Pods Resources */,
			);
			buildRules = (
			);
			dependencies = (
			);
			name = Twittster;
			productName = Twittster;
			productReference = 7FF1787E1C7BDD35004BBCC6 /* Twittster.app */;
			productType = "com.apple.product-type.application";
		};
		7FF178911C7BDD35004BBCC6 /* TwittsterTests */ = {
			isa = PBXNativeTarget;
			buildConfigurationList = 7FF178A91C7BDD35004BBCC6 /* Build configuration list for PBXNativeTarget "TwittsterTests" */;
			buildPhases = (
				7FF1788E1C7BDD35004BBCC6 /* Sources */,
				7FF1788F1C7BDD35004BBCC6 /* Frameworks */,
				7FF178901C7BDD35004BBCC6 /* Resources */,
			);
			buildRules = (
			);
			dependencies = (
				7FF178941C7BDD35004BBCC6 /* PBXTargetDependency */,
			);
			name = TwittsterTests;
			productName = TwittsterTests;
			productReference = 7FF178921C7BDD35004BBCC6 /* TwittsterTests.xctest */;
			productType = "com.apple.product-type.bundle.unit-test";
		};
		7FF1789C1C7BDD35004BBCC6 /* TwittsterUITests */ = {
			isa = PBXNativeTarget;
			buildConfigurationList = 7FF178AC1C7BDD35004BBCC6 /* Build configuration list for PBXNativeTarget "TwittsterUITests" */;
			buildPhases = (
				7FF178991C7BDD35004BBCC6 /* Sources */,
				7FF1789A1C7BDD35004BBCC6 /* Frameworks */,
				7FF1789B1C7BDD35004BBCC6 /* Resources */,
			);
			buildRules = (
			);
			dependencies = (
				7FF1789F1C7BDD35004BBCC6 /* PBXTargetDependency */,
			);
			name = TwittsterUITests;
			productName = TwittsterUITests;
			productReference = 7FF1789D1C7BDD35004BBCC6 /* TwittsterUITests.xctest */;
			productType = "com.apple.product-type.bundle.ui-testing";
		};
/* End PBXNativeTarget section */

/* Begin PBXProject section */
		7FF178761C7BDD35004BBCC6 /* Project object */ = {
			isa = PBXProject;
			attributes = {
				LastSwiftUpdateCheck = 0720;
				LastUpgradeCheck = 0720;
				ORGANIZATIONNAME = "Stef Epp";
				TargetAttributes = {
					7FF1787D1C7BDD35004BBCC6 = {
						CreatedOnToolsVersion = 7.2;
						DevelopmentTeam = JURJ3VKLHN;
					};
					7FF178911C7BDD35004BBCC6 = {
						CreatedOnToolsVersion = 7.2;
						DevelopmentTeam = JURJ3VKLHN;
						TestTargetID = 7FF1787D1C7BDD35004BBCC6;
					};
					7FF1789C1C7BDD35004BBCC6 = {
						CreatedOnToolsVersion = 7.2;
						DevelopmentTeam = JURJ3VKLHN;
						TestTargetID = 7FF1787D1C7BDD35004BBCC6;
					};
				};
			};
			buildConfigurationList = 7FF178791C7BDD35004BBCC6 /* Build configuration list for PBXProject "Twittster" */;
			compatibilityVersion = "Xcode 3.2";
			developmentRegion = English;
			hasScannedForEncodings = 0;
			knownRegions = (
				en,
				Base,
			);
			mainGroup = 7FF178751C7BDD35004BBCC6;
			productRefGroup = 7FF1787F1C7BDD35004BBCC6 /* Products */;
			projectDirPath = "";
			projectRoot = "";
			targets = (
				7FF1787D1C7BDD35004BBCC6 /* Twittster */,
				7FF178911C7BDD35004BBCC6 /* TwittsterTests */,
				7FF1789C1C7BDD35004BBCC6 /* TwittsterUITests */,
			);
		};
/* End PBXProject section */

/* Begin PBXResourcesBuildPhase section */
		7FF1787C1C7BDD35004BBCC6 /* Resources */ = {
			isa = PBXResourcesBuildPhase;
			buildActionMask = 2147483647;
			files = (
				7FE035B31C838C8800A6B636 /* secrets.plist in Resources */,
				7FF1788C1C7BDD35004BBCC6 /* LaunchScreen.storyboard in Resources */,
				7FF178891C7BDD35004BBCC6 /* Assets.xcassets in Resources */,
				7FF178871C7BDD35004BBCC6 /* Main.storyboard in Resources */,
			);
			runOnlyForDeploymentPostprocessing = 0;
		};
		7FF178901C7BDD35004BBCC6 /* Resources */ = {
			isa = PBXResourcesBuildPhase;
			buildActionMask = 2147483647;
			files = (
				7FE035B41C838C8800A6B636 /* secrets.plist in Resources */,
			);
			runOnlyForDeploymentPostprocessing = 0;
		};
		7FF1789B1C7BDD35004BBCC6 /* Resources */ = {
			isa = PBXResourcesBuildPhase;
			buildActionMask = 2147483647;
			files = (
				7FE035B51C838C8800A6B636 /* secrets.plist in Resources */,
			);
			runOnlyForDeploymentPostprocessing = 0;
		};
/* End PBXResourcesBuildPhase section */

/* Begin PBXShellScriptBuildPhase section */
		07822213CF8C11AA7B48DA1A /* Check Pods Manifest.lock */ = {
			isa = PBXShellScriptBuildPhase;
			buildActionMask = 2147483647;
			files = (
			);
			inputPaths = (
			);
			name = "Check Pods Manifest.lock";
			outputPaths = (
			);
			runOnlyForDeploymentPostprocessing = 0;
			shellPath = /bin/sh;
			shellScript = "diff \"${PODS_ROOT}/../Podfile.lock\" \"${PODS_ROOT}/Manifest.lock\" > /dev/null\nif [[ $? != 0 ]] ; then\n    cat << EOM\nerror: The sandbox is not in sync with the Podfile.lock. Run 'pod install' or update your CocoaPods installation.\nEOM\n    exit 1\nfi\n";
			showEnvVarsInLog = 0;
		};
		A0B21FE3980E47F9E23AE458 /* Embed Pods Frameworks */ = {
			isa = PBXShellScriptBuildPhase;
			buildActionMask = 2147483647;
			files = (
			);
			inputPaths = (
			);
			name = "Embed Pods Frameworks";
			outputPaths = (
			);
			runOnlyForDeploymentPostprocessing = 0;
			shellPath = /bin/sh;
			shellScript = "\"${SRCROOT}/Pods/Target Support Files/Pods-Twittster/Pods-Twittster-frameworks.sh\"\n";
			showEnvVarsInLog = 0;
		};
		C9E97235144134C2B7E1E0BC /* Copy Pods Resources */ = {
			isa = PBXShellScriptBuildPhase;
			buildActionMask = 2147483647;
			files = (
			);
			inputPaths = (
			);
			name = "Copy Pods Resources";
			outputPaths = (
			);
			runOnlyForDeploymentPostprocessing = 0;
			shellPath = /bin/sh;
			shellScript = "\"${SRCROOT}/Pods/Target Support Files/Pods-Twittster/Pods-Twittster-resources.sh\"\n";
			showEnvVarsInLog = 0;
		};
/* End PBXShellScriptBuildPhase section */

/* Begin PBXSourcesBuildPhase section */
		7FF1787A1C7BDD35004BBCC6 /* Sources */ = {
			isa = PBXSourcesBuildPhase;
			buildActionMask = 2147483647;
			files = (
				7FE035BA1C83A13A00A6B636 /* User.swift in Sources */,
				7FE035BE1C83A14A00A6B636 /* Tweet.swift in Sources */,
				7FF178B01C7BE0C6004BBCC6 /* LoginViewController.swift in Sources */,
				7FE035C61C83B48F00A6B636 /* tweetsViewController.swift in Sources */,
				7FF178841C7BDD35004BBCC6 /* ViewController.swift in Sources */,
				7FE035C21C83A92D00A6B636 /* TwitterClient.swift in Sources */,
				7FE035D61C8DEF5000A6B636 /* ProfileViewController.swift in Sources */,
				7FF178821C7BDD35004BBCC6 /* AppDelegate.swift in Sources */,
				7FE035CE1C8D4B0D00A6B636 /* IndividualTweetViewController.swift in Sources */,
				7FE035D21C8D5F9500A6B636 /* WriteViewController.swift in Sources */,
				7FE035CA1C84874400A6B636 /* TweetTableViewCell.swift in Sources */,
			);
			runOnlyForDeploymentPostprocessing = 0;
		};
		7FF1788E1C7BDD35004BBCC6 /* Sources */ = {
			isa = PBXSourcesBuildPhase;
			buildActionMask = 2147483647;
			files = (
				7FE035C31C83A92D00A6B636 /* TwitterClient.swift in Sources */,
				7FE035C71C83B48F00A6B636 /* tweetsViewController.swift in Sources */,
				7FE035CF1C8D4B0D00A6B636 /* IndividualTweetViewController.swift in Sources */,
				7FE035BF1C83A14A00A6B636 /* Tweet.swift in Sources */,
				7FE035BB1C83A13A00A6B636 /* User.swift in Sources */,
				7FF178971C7BDD35004BBCC6 /* TwittsterTests.swift in Sources */,
				7FE035D71C8DEF5000A6B636 /* ProfileViewController.swift in Sources */,
				7FE035D31C8D5F9500A6B636 /* WriteViewController.swift in Sources */,
				7FE035CB1C84874400A6B636 /* TweetTableViewCell.swift in Sources */,
			);
			runOnlyForDeploymentPostprocessing = 0;
		};
		7FF178991C7BDD35004BBCC6 /* Sources */ = {
			isa = PBXSourcesBuildPhase;
			buildActionMask = 2147483647;
			files = (
				7FE035C41C83A92D00A6B636 /* TwitterClient.swift in Sources */,
				7FE035C81C83B48F00A6B636 /* tweetsViewController.swift in Sources */,
				7FE035D01C8D4B0D00A6B636 /* IndividualTweetViewController.swift in Sources */,
				7FE035C01C83A14A00A6B636 /* Tweet.swift in Sources */,
				7FE035BC1C83A13A00A6B636 /* User.swift in Sources */,
				7FF178A21C7BDD35004BBCC6 /* TwittsterUITests.swift in Sources */,
				7FE035D81C8DEF5000A6B636 /* ProfileViewController.swift in Sources */,
				7FE035D41C8D5F9500A6B636 /* WriteViewController.swift in Sources */,
				7FE035CC1C84874400A6B636 /* TweetTableViewCell.swift in Sources */,
			);
			runOnlyForDeploymentPostprocessing = 0;
		};
/* End PBXSourcesBuildPhase section */

/* Begin PBXTargetDependency section */
		7FF178941C7BDD35004BBCC6 /* PBXTargetDependency */ = {
			isa = PBXTargetDependency;
			target = 7FF1787D1C7BDD35004BBCC6 /* Twittster */;
			targetProxy = 7FF178931C7BDD35004BBCC6 /* PBXContainerItemProxy */;
		};
		7FF1789F1C7BDD35004BBCC6 /* PBXTargetDependency */ = {
			isa = PBXTargetDependency;
			target = 7FF1787D1C7BDD35004BBCC6 /* Twittster */;
			targetProxy = 7FF1789E1C7BDD35004BBCC6 /* PBXContainerItemProxy */;
		};
/* End PBXTargetDependency section */

/* Begin PBXVariantGroup section */
		7FF178851C7BDD35004BBCC6 /* Main.storyboard */ = {
			isa = PBXVariantGroup;
			children = (
				7FF178861C7BDD35004BBCC6 /* Base */,
			);
			name = Main.storyboard;
			sourceTree = "<group>";
		};
		7FF1788A1C7BDD35004BBCC6 /* LaunchScreen.storyboard */ = {
			isa = PBXVariantGroup;
			children = (
				7FF1788B1C7BDD35004BBCC6 /* Base */,
			);
			name = LaunchScreen.storyboard;
			sourceTree = "<group>";
		};
/* End PBXVariantGroup section */

/* Begin XCBuildConfiguration section */
		7FF178A41C7BDD35004BBCC6 /* Debug */ = {
			isa = XCBuildConfiguration;
			buildSettings = {
				ALWAYS_SEARCH_USER_PATHS = NO;
				CLANG_CXX_LANGUAGE_STANDARD = "gnu++0x";
				CLANG_CXX_LIBRARY = "libc++";
				CLANG_ENABLE_MODULES = YES;
				CLANG_ENABLE_OBJC_ARC = YES;
				CLANG_WARN_BOOL_CONVERSION = YES;
				CLANG_WARN_CONSTANT_CONVERSION = YES;
				CLANG_WARN_DIRECT_OBJC_ISA_USAGE = YES_ERROR;
				CLANG_WARN_EMPTY_BODY = YES;
				CLANG_WARN_ENUM_CONVERSION = YES;
				CLANG_WARN_INT_CONVERSION = YES;
				CLANG_WARN_OBJC_ROOT_CLASS = YES_ERROR;
				CLANG_WARN_UNREACHABLE_CODE = YES;
				CLANG_WARN__DUPLICATE_METHOD_MATCH = YES;
				"CODE_SIGN_IDENTITY[sdk=iphoneos*]" = "iPhone Developer";
				COPY_PHASE_STRIP = NO;
				DEBUG_INFORMATION_FORMAT = dwarf;
				ENABLE_STRICT_OBJC_MSGSEND = YES;
				ENABLE_TESTABILITY = YES;
				GCC_C_LANGUAGE_STANDARD = gnu99;
				GCC_DYNAMIC_NO_PIC = NO;
				GCC_NO_COMMON_BLOCKS = YES;
				GCC_OPTIMIZATION_LEVEL = 0;
				GCC_PREPROCESSOR_DEFINITIONS = (
					"DEBUG=1",
					"$(inherited)",
				);
				GCC_WARN_64_TO_32_BIT_CONVERSION = YES;
				GCC_WARN_ABOUT_RETURN_TYPE = YES_ERROR;
				GCC_WARN_UNDECLARED_SELECTOR = YES;
				GCC_WARN_UNINITIALIZED_AUTOS = YES_AGGRESSIVE;
				GCC_WARN_UNUSED_FUNCTION = YES;
				GCC_WARN_UNUSED_VARIABLE = YES;
				IPHONEOS_DEPLOYMENT_TARGET = 9.2;
				MTL_ENABLE_DEBUG_INFO = YES;
				ONLY_ACTIVE_ARCH = YES;
				SDKROOT = iphoneos;
				SWIFT_OPTIMIZATION_LEVEL = "-Onone";
				TARGETED_DEVICE_FAMILY = "1,2";
			};
			name = Debug;
		};
		7FF178A51C7BDD35004BBCC6 /* Release */ = {
			isa = XCBuildConfiguration;
			buildSettings = {
				ALWAYS_SEARCH_USER_PATHS = NO;
				CLANG_CXX_LANGUAGE_STANDARD = "gnu++0x";
				CLANG_CXX_LIBRARY = "libc++";
				CLANG_ENABLE_MODULES = YES;
				CLANG_ENABLE_OBJC_ARC = YES;
				CLANG_WARN_BOOL_CONVERSION = YES;
				CLANG_WARN_CONSTANT_CONVERSION = YES;
				CLANG_WARN_DIRECT_OBJC_ISA_USAGE = YES_ERROR;
				CLANG_WARN_EMPTY_BODY = YES;
				CLANG_WARN_ENUM_CONVERSION = YES;
				CLANG_WARN_INT_CONVERSION = YES;
				CLANG_WARN_OBJC_ROOT_CLASS = YES_ERROR;
				CLANG_WARN_UNREACHABLE_CODE = YES;
				CLANG_WARN__DUPLICATE_METHOD_MATCH = YES;
				"CODE_SIGN_IDENTITY[sdk=iphoneos*]" = "iPhone Developer";
				COPY_PHASE_STRIP = NO;
				DEBUG_INFORMATION_FORMAT = "dwarf-with-dsym";
				ENABLE_NS_ASSERTIONS = NO;
				ENABLE_STRICT_OBJC_MSGSEND = YES;
				GCC_C_LANGUAGE_STANDARD = gnu99;
				GCC_NO_COMMON_BLOCKS = YES;
				GCC_WARN_64_TO_32_BIT_CONVERSION = YES;
				GCC_WARN_ABOUT_RETURN_TYPE = YES_ERROR;
				GCC_WARN_UNDECLARED_SELECTOR = YES;
				GCC_WARN_UNINITIALIZED_AUTOS = YES_AGGRESSIVE;
				GCC_WARN_UNUSED_FUNCTION = YES;
				GCC_WARN_UNUSED_VARIABLE = YES;
				IPHONEOS_DEPLOYMENT_TARGET = 9.2;
				MTL_ENABLE_DEBUG_INFO = NO;
				SDKROOT = iphoneos;
				TARGETED_DEVICE_FAMILY = "1,2";
				VALIDATE_PRODUCT = YES;
			};
			name = Release;
		};
		7FF178A71C7BDD35004BBCC6 /* Debug */ = {
			isa = XCBuildConfiguration;
			baseConfigurationReference = 0128CF0AE8B4C4CA19110043 /* Pods-Twittster.debug.xcconfig */;
			buildSettings = {
				ASSETCATALOG_COMPILER_APPICON_NAME = AppIcon;
				INFOPLIST_FILE = Twittster/Info.plist;
				LD_RUNPATH_SEARCH_PATHS = "$(inherited) @executable_path/Frameworks";
				PRODUCT_BUNDLE_IDENTIFIER = stefepp.Twittster;
				PRODUCT_NAME = "$(TARGET_NAME)";
			};
			name = Debug;
		};
		7FF178A81C7BDD35004BBCC6 /* Release */ = {
			isa = XCBuildConfiguration;
			baseConfigurationReference = ECF843CC78D21C0420BDCBE5 /* Pods-Twittster.release.xcconfig */;
			buildSettings = {
				ASSETCATALOG_COMPILER_APPICON_NAME = AppIcon;
				INFOPLIST_FILE = Twittster/Info.plist;
				LD_RUNPATH_SEARCH_PATHS = "$(inherited) @executable_path/Frameworks";
				PRODUCT_BUNDLE_IDENTIFIER = stefepp.Twittster;
				PRODUCT_NAME = "$(TARGET_NAME)";
			};
			name = Release;
		};
		7FF178AA1C7BDD35004BBCC6 /* Debug */ = {
			isa = XCBuildConfiguration;
			buildSettings = {
				BUNDLE_LOADER = "$(TEST_HOST)";
				INFOPLIST_FILE = TwittsterTests/Info.plist;
				LD_RUNPATH_SEARCH_PATHS = "$(inherited) @executable_path/Frameworks @loader_path/Frameworks";
				PRODUCT_BUNDLE_IDENTIFIER = stefepp.TwittsterTests;
				PRODUCT_NAME = "$(TARGET_NAME)";
				TEST_HOST = "$(BUILT_PRODUCTS_DIR)/Twittster.app/Twittster";
			};
			name = Debug;
		};
		7FF178AB1C7BDD35004BBCC6 /* Release */ = {
			isa = XCBuildConfiguration;
			buildSettings = {
				BUNDLE_LOADER = "$(TEST_HOST)";
				INFOPLIST_FILE = TwittsterTests/Info.plist;
				LD_RUNPATH_SEARCH_PATHS = "$(inherited) @executable_path/Frameworks @loader_path/Frameworks";
				PRODUCT_BUNDLE_IDENTIFIER = stefepp.TwittsterTests;
				PRODUCT_NAME = "$(TARGET_NAME)";
				TEST_HOST = "$(BUILT_PRODUCTS_DIR)/Twittster.app/Twittster";
			};
			name = Release;
		};
		7FF178AD1C7BDD35004BBCC6 /* Debug */ = {
			isa = XCBuildConfiguration;
			buildSettings = {
				INFOPLIST_FILE = TwittsterUITests/Info.plist;
				LD_RUNPATH_SEARCH_PATHS = "$(inherited) @executable_path/Frameworks @loader_path/Frameworks";
				PRODUCT_BUNDLE_IDENTIFIER = stefepp.TwittsterUITests;
				PRODUCT_NAME = "$(TARGET_NAME)";
				TEST_TARGET_NAME = Twittster;
				USES_XCTRUNNER = YES;
			};
			name = Debug;
		};
		7FF178AE1C7BDD35004BBCC6 /* Release */ = {
			isa = XCBuildConfiguration;
			buildSettings = {
				INFOPLIST_FILE = TwittsterUITests/Info.plist;
				LD_RUNPATH_SEARCH_PATHS = "$(inherited) @executable_path/Frameworks @loader_path/Frameworks";
				PRODUCT_BUNDLE_IDENTIFIER = stefepp.TwittsterUITests;
				PRODUCT_NAME = "$(TARGET_NAME)";
				TEST_TARGET_NAME = Twittster;
				USES_XCTRUNNER = YES;
			};
			name = Release;
		};
/* End XCBuildConfiguration section */

/* Begin XCConfigurationList section */
		7FF178791C7BDD35004BBCC6 /* Build configuration list for PBXProject "Twittster" */ = {
			isa = XCConfigurationList;
			buildConfigurations = (
				7FF178A41C7BDD35004BBCC6 /* Debug */,
				7FF178A51C7BDD35004BBCC6 /* Release */,
			);
			defaultConfigurationIsVisible = 0;
			defaultConfigurationName = Release;
		};
		7FF178A61C7BDD35004BBCC6 /* Build configuration list for PBXNativeTarget "Twittster" */ = {
			isa = XCConfigurationList;
			buildConfigurations = (
				7FF178A71C7BDD35004BBCC6 /* Debug */,
				7FF178A81C7BDD35004BBCC6 /* Release */,
			);
			defaultConfigurationIsVisible = 0;
			defaultConfigurationName = Release;
		};
		7FF178A91C7BDD35004BBCC6 /* Build configuration list for PBXNativeTarget "TwittsterTests" */ = {
			isa = XCConfigurationList;
			buildConfigurations = (
				7FF178AA1C7BDD35004BBCC6 /* Debug */,
				7FF178AB1C7BDD35004BBCC6 /* Release */,
			);
			defaultConfigurationIsVisible = 0;
			defaultConfigurationName = Release;
		};
		7FF178AC1C7BDD35004BBCC6 /* Build configuration list for PBXNativeTarget "TwittsterUITests" */ = {
			isa = XCConfigurationList;
			buildConfigurations = (
				7FF178AD1C7BDD35004BBCC6 /* Debug */,
				7FF178AE1C7BDD35004BBCC6 /* Release */,
			);
			defaultConfigurationIsVisible = 0;
			defaultConfigurationName = Release;
		};
/* End XCConfigurationList section */
	};
	rootObject = 7FF178761C7BDD35004BBCC6 /* Project object */;
}
